{
	"name": "@aoagents/device-runtime",
	"version": "0.1.0",
	"lockfileVersion": 3,
	"requires": true,
	"packages": {
		"": {
			"name": "@aoagents/device-runtime",
			"version": "0.1.0",
			"license": "UNLICENSED",
			"dependencies": {
				"agent-device": "0.21.1"
			}
		},
		"node_modules/agent-device": {
			"version": "0.21.1",
			"resolved": "https://registry.npmjs.org/agent-device/-/agent-device-0.21.1.tgz",
			"integrity": "sha512-vFhcqkQlusuOHR389h7WLhINfLdsMie3D5YPYNm8OOIjh4iy/YCQtNoKVqxQ+zeTrYZMOBxbWEHnL07/WVzTPA==",
			"license": "MIT",
			"bin": {
				"agent-device": "bin/agent-device.mjs"
			},
			"engines": {
				"node": ">=22.12"
			},
			"peerDependencies": {
				"ai": "^6.0.0 || ^7.0.0"
			},
			"peerDependenciesMeta": {
				"ai": {
					"optional": true
				}
			}
		}
	}
}
